
Microsoft Visual Studio Solution File, Format Version 12.00
# Visual Studio Version 17
VisualStudioVersion = 17.13.35919.96 d17.13
MinimumVisualStudioVersion = 10.0.40219.1
Project("{FAE04EC0-301F-11D3-BF4B-00C04F79EFBC}") = "GuestList", "GuestList\GuestList.csproj", "{E04987F0-9C7A-49A6-8EFD-E5EC1993ABFB}"
EndProject
Global
	GlobalSection(SolutionConfigurationPlatforms) = preSolution
		Debug|Any CPU = Debug|Any CPU
		Release|Any CPU = Release|Any CPU
	EndGlobalSection
	GlobalSection(ProjectConfigurationPlatforms) = postSolution
		{E04987F0-9C7A-49A6-8EFD-E5EC1993ABFB}.Debug|Any CPU.ActiveCfg = Debug|Any CPU
		{E04987F0-9C7A-49A6-8EFD-E5EC1993ABFB}.Debug|Any CPU.Build.0 = Debug|Any CPU
		{E04987F0-9C7A-49A6-8EFD-E5EC1993ABFB}.Release|Any CPU.ActiveCfg = Release|Any CPU
		{E04987F0-9C7A-49A6-8EFD-E5EC1993ABFB}.Release|Any CPU.Build.0 = Release|Any CPU
	EndGlobalSection
	GlobalSection(SolutionProperties) = preSolution
		HideSolutionNode = FALSE
	EndGlobalSection
	GlobalSection(ExtensibilityGlobals) = postSolution
		SolutionGuid = {8884D455-F15A-457D-98BC-5FC5C2A7882A}
	EndGlobalSection
EndGlobal
